
Microsoft Visual Studio Solution File, Format Version 12.00
# Visual Studio 15
VisualStudioVersion = 15.0.28307.1433
MinimumVisualStudioVersion = 10.0.40219.1
Project("{FAE04EC0-301F-11D3-BF4B-00C04F79EFBC}") = "iOSWebservice", "iOSWebservice\iOSWebservice.csproj", "{F8534CCF-8603-4BFF-ABC9-09F1E576EB37}"
EndProject
Project("{FAE04EC0-301F-11D3-BF4B-00C04F79EFBC}") = "DAL", "DAL\DAL.csproj", "{36440621-BFD6-4045-AFED-97CBD070BBB3}"
EndProject
Project("{FAE04EC0-301F-11D3-BF4B-00C04F79EFBC}") = "BAL", "BAL\BAL.csproj", "{DA01A357-6EB1-4EE0-A15A-E14578332C86}"
EndProject
Global
	GlobalSection(SolutionConfigurationPlatforms) = preSolution
		Debug|Any CPU = Debug|Any CPU
		Release|Any CPU = Release|Any CPU
	EndGlobalSection
	GlobalSection(ProjectConfigurationPlatforms) = postSolution
		{F8534CCF-8603-4BFF-ABC9-09F1E576EB37}.Debug|Any CPU.ActiveCfg = Debug|Any CPU
		{F8534CCF-8603-4BFF-ABC9-09F1E576EB37}.Debug|Any CPU.Build.0 = Debug|Any CPU
		{F8534CCF-8603-4BFF-ABC9-09F1E576EB37}.Release|Any CPU.ActiveCfg = Release|Any CPU
		{F8534CCF-8603-4BFF-ABC9-09F1E576EB37}.Release|Any CPU.Build.0 = Release|Any CPU
		{36440621-BFD6-4045-AFED-97CBD070BBB3}.Debug|Any CPU.ActiveCfg = Debug|Any CPU
		{36440621-BFD6-4045-AFED-97CBD070BBB3}.Debug|Any CPU.Build.0 = Debug|Any CPU
		{36440621-BFD6-4045-AFED-97CBD070BBB3}.Release|Any CPU.ActiveCfg = Release|Any CPU
		{36440621-BFD6-4045-AFED-97CBD070BBB3}.Release|Any CPU.Build.0 = Release|Any CPU
		{DA01A357-6EB1-4EE0-A15A-E14578332C86}.Debug|Any CPU.ActiveCfg = Debug|Any CPU
		{DA01A357-6EB1-4EE0-A15A-E14578332C86}.Debug|Any CPU.Build.0 = Debug|Any CPU
		{DA01A357-6EB1-4EE0-A15A-E14578332C86}.Release|Any CPU.ActiveCfg = Release|Any CPU
		{DA01A357-6EB1-4EE0-A15A-E14578332C86}.Release|Any CPU.Build.0 = Release|Any CPU
	EndGlobalSection
	GlobalSection(SolutionProperties) = preSolution
		HideSolutionNode = FALSE
	EndGlobalSection
	GlobalSection(ExtensibilityGlobals) = postSolution
		SolutionGuid = {FD91C7DE-9DBB-421E-91AC-462C59EE52AC}
	EndGlobalSection
EndGlobal
